{
  "name": "stellaris-emblem-maker",
  "version": "1.0.0",
  "lockfileVersion": 1,
  "requires": true,
  "dependencies": {
    "p-map": {
      "version": "2.0.0",
      "resolved": "https://registry.npmjs.org/p-map/-/p-map-2.0.0.tgz",
      "integrity": "sha512-GO107XdrSUmtHxVoi60qc9tUl/KkNKm+X2CF4P9amalpGxv5YqVPJNfSb0wcA+syCopkZvYYIzW8OVTQW59x/w=="
    },
    "wasm-imagemagick": {
      "version": "1.2.1",
      "resolved": "https://registry.npmjs.org/wasm-imagemagick/-/wasm-imagemagick-1.2.1.tgz",
      "integrity": "sha512-7XqelM+x4z0acYoWf9jnAoABgzH3wU/INWqdVXQwNwsr9c1Rw7Ilm4LRhRhJ4IO2D5W0YRTt4o/Qac6n/CFF0A==",
      "requires": {
        "p-map": "2.0.0"
      }
    }
  }
}
